
Microsoft Visual Studio Solution File, Format Version 12.00
# Visual Studio Version 17
VisualStudioVersion = 17.4.33205.214
MinimumVisualStudioVersion = 10.0.40219.1
Project("{FAE04EC0-301F-11D3-BF4B-00C04F79EFBC}") = "geometrische_grundlagen", "geometrische_grundlagen\geometrische_grundlagen.csproj", "{45EF8378-6A64-4258-84DD-54A340E4D2D0}"
EndProject
Global
	GlobalSection(SolutionConfigurationPlatforms) = preSolution
		Debug|Any CPU = Debug|Any CPU
		Release|Any CPU = Release|Any CPU
	EndGlobalSection
	GlobalSection(ProjectConfigurationPlatforms) = postSolution
		{45EF8378-6A64-4258-84DD-54A340E4D2D0}.Debug|Any CPU.ActiveCfg = Debug|Any CPU
		{45EF8378-6A64-4258-84DD-54A340E4D2D0}.Debug|Any CPU.Build.0 = Debug|Any CPU
		{45EF8378-6A64-4258-84DD-54A340E4D2D0}.Release|Any CPU.ActiveCfg = Release|Any CPU
		{45EF8378-6A64-4258-84DD-54A340E4D2D0}.Release|Any CPU.Build.0 = Release|Any CPU
	EndGlobalSection
	GlobalSection(SolutionProperties) = preSolution
		HideSolutionNode = FALSE
	EndGlobalSection
	GlobalSection(ExtensibilityGlobals) = postSolution
		SolutionGuid = {4B38BBCC-5B69-4D3C-81EF-D1A2F2C11C59}
	EndGlobalSection
EndGlobal
